
Microsoft Visual Studio Solution File, Format Version 12.00
# Visual Studio 14
VisualStudioVersion = 14.0.25420.1
MinimumVisualStudioVersion = 10.0.40219.1
Project("{2150E333-8FDC-42A3-9474-1A3956D46DE8}") = "1.基础代码", "1.基础代码", "{4FB066C1-B595-4DCC-B59D-C13AE5128CD2}"
EndProject
Project("{2150E333-8FDC-42A3-9474-1A3956D46DE8}") = "2.类的应用", "2.类的应用", "{AEE92CE9-1601-4531-A65B-07F4DD9E86D2}"
EndProject
Project("{2150E333-8FDC-42A3-9474-1A3956D46DE8}") = "3.窗体", "3.窗体", "{EDD6D131-C906-4266-9580-376F97293489}"
EndProject
Project("{FAE04EC0-301F-11D3-BF4B-00C04F79EFBC}") = "3.1计算器", "3.1窗体-计算器\3.1计算器.csproj", "{3FC9B2C1-E8BD-4628-9AD2-A0F1B9A12998}"
EndProject
Project("{FAE04EC0-301F-11D3-BF4B-00C04F79EFBC}") = "3.2贪吃蛇游戏", "3.2贪吃蛇游戏\3.2贪吃蛇游戏.csproj", "{64134555-05DF-45C3-97A5-492C44A8CF5D}"
EndProject
Project("{FAE04EC0-301F-11D3-BF4B-00C04F79EFBC}") = "1.1入门", "1.1入门\1.1入门.csproj", "{B8D817F3-F3CB-44F1-90A4-E112CEFADDEA}"
EndProject
Project("{FAE04EC0-301F-11D3-BF4B-00C04F79EFBC}") = "1.2字符串处理", "1.2字符串处理\1.2字符串处理.csproj", "{34E31AE1-0818-4B99-A1CF-45FD3DB23AD6}"
EndProject
Project("{FAE04EC0-301F-11D3-BF4B-00C04F79EFBC}") = "2.1第一阶段", "2.1第一阶段\2.1第一阶段.csproj", "{D747FDB3-D1A8-46D1-8F4C-22AE127E8846}"
EndProject
Project("{FAE04EC0-301F-11D3-BF4B-00C04F79EFBC}") = "2.2接口", "2.2接口\2.2接口.csproj", "{487D1A9F-D318-42C8-926F-9FB884FCAA04}"
EndProject
Project("{FAE04EC0-301F-11D3-BF4B-00C04F79EFBC}") = "1.3基础", "1.3基础\1.3基础.csproj", "{9BD4CBB5-41F2-44F0-93AA-A2C5EA567BEB}"
EndProject
Project("{2150E333-8FDC-42A3-9474-1A3956D46DE8}") = "4.数据库", "4.数据库", "{C6750C9B-A2EE-4ED2-B37D-F5267D68D94E}"
EndProject
Project("{FAE04EC0-301F-11D3-BF4B-00C04F79EFBC}") = "4.1连接数据库", "4.1连接数据库\4.1连接数据库.csproj", "{A0A9144A-3AF6-494A-B3D5-F59E7A21A62A}"
EndProject
Project("{FAE04EC0-301F-11D3-BF4B-00C04F79EFBC}") = "3.3小知识点", "3.3小知识点\3.3小知识点.csproj", "{F3A9A41B-DF9F-403F-9CBB-4E09DC684387}"
EndProject
Project("{FAE04EC0-301F-11D3-BF4B-00C04F79EFBC}") = "2.3委托", "2.3委托\2.3委托.csproj", "{D1B23057-13F1-42A8-A42D-0FF5EA93C25F}"
EndProject
Project("{FAE04EC0-301F-11D3-BF4B-00C04F79EFBC}") = "3.4TreeView的使用", "3.4TreeView的使用\3.4TreeView的使用.csproj", "{E2137294-1FED-4422-B620-408DE4CB280E}"
EndProject
Project("{FAE04EC0-301F-11D3-BF4B-00C04F79EFBC}") = "3.5操作系统作业", "3.5操作系统作业\3.5操作系统作业.csproj", "{7983E286-5B19-437C-82F1-B48BBE27B48F}"
EndProject
Project("{FAE04EC0-301F-11D3-BF4B-00C04F79EFBC}") = "4.2分页", "4.2分页\4.2分页.csproj", "{564B17CC-A255-4A0E-B89B-9E69D75BCAA1}"
EndProject
Project("{FAE04EC0-301F-11D3-BF4B-00C04F79EFBC}") = "3.6租房作业", "3.6租房作业\3.6租房作业.csproj", "{A2FAC3CE-6ECF-4CE9-BEE7-A7F139F472D7}"
EndProject
Project("{2150E333-8FDC-42A3-9474-1A3956D46DE8}") = "5.三层架构思想", "5.三层架构思想", "{8D5C35D7-B8A1-4D7B-BD9D-AB878F88F804}"
EndProject
Project("{FAE04EC0-301F-11D3-BF4B-00C04F79EFBC}") = "5.1利用SQLHelper实现用户登录", "5.1利用SQLHelper实现用户登录\5.1利用SQLHelper实现用户登录.csproj", "{E806CEEF-2861-46F7-89F7-5F24D82A5428}"
EndProject
Project("{FAE04EC0-301F-11D3-BF4B-00C04F79EFBC}") = "5.2MD5散列加密", "5.2MD5散列加密\5.2MD5散列加密.csproj", "{35A2503E-A86C-4AB7-9BD9-A30A7DEE23D6}"
EndProject
Project("{FAE04EC0-301F-11D3-BF4B-00C04F79EFBC}") = "5.3不利用三层思想设计小程序", "5.3不利用三层思想设计小程序\5.3不利用三层思想设计小程序.csproj", "{5FD1BC39-6A18-4FC9-8169-40CAC8B6A60C}"
EndProject
Project("{FAE04EC0-301F-11D3-BF4B-00C04F79EFBC}") = "5.3模拟三层构架思想设计小程序", "5.3模拟三层构架思想设计小程序\5.3模拟三层构架思想设计小程序.csproj", "{A94C40CA-8795-4E45-90FC-E401D3BBB6DB}"
EndProject
Project("{FAE04EC0-301F-11D3-BF4B-00C04F79EFBC}") = "4.3调用WebAPI", "4.3调用WebAPI\4.3调用WebAPI.csproj", "{8D0A2177-FEA3-4FD0-9361-ED483CA7DA7E}"
EndProject
Project("{2150E333-8FDC-42A3-9474-1A3956D46DE8}") = "6..net小实例", "6..net小实例", "{224D8A3A-601A-44CE-828A-1F141DD527D4}"
EndProject
Project("{E24C65DC-7377-472B-9ABA-BC803B73C61A}") = "6.1网站应用", "http://localhost:26772", "{3272D234-201D-4F41-9FAD-27CF96633FFC}"
	ProjectSection(WebsiteProperties) = preProject
		UseIISExpress = "true"
		TargetFrameworkMoniker = ".NETFramework,Version%3Dv4.5"
		Debug.AspNetCompiler.VirtualPath = "/localhost_26772"
		Debug.AspNetCompiler.PhysicalPath = "6.1网站应用\"
		Debug.AspNetCompiler.TargetPath = "PrecompiledWeb\localhost_26772\"
		Debug.AspNetCompiler.Updateable = "true"
		Debug.AspNetCompiler.ForceOverwrite = "true"
		Debug.AspNetCompiler.FixedNames = "false"
		Debug.AspNetCompiler.Debug = "True"
		Release.AspNetCompiler.VirtualPath = "/localhost_26772"
		Release.AspNetCompiler.PhysicalPath = "6.1网站应用\"
		Release.AspNetCompiler.TargetPath = "PrecompiledWeb\localhost_26772\"
		Release.AspNetCompiler.Updateable = "true"
		Release.AspNetCompiler.ForceOverwrite = "true"
		Release.AspNetCompiler.FixedNames = "false"
		Release.AspNetCompiler.Debug = "False"
		SlnRelativePath = "6.1网站应用\"
	EndProjectSection
EndProject
Project("{FAE04EC0-301F-11D3-BF4B-00C04F79EFBC}") = "6.2调用API实例", "6.2调用API实例\6.2调用API实例.csproj", "{CCE8D868-0E54-40B4-98B9-930F3EDDB317}"
EndProject
Global
	GlobalSection(SolutionConfigurationPlatforms) = preSolution
		Debug|Any CPU = Debug|Any CPU
		Debug|x86 = Debug|x86
		Release|Any CPU = Release|Any CPU
		Release|x86 = Release|x86
	EndGlobalSection
	GlobalSection(ProjectConfigurationPlatforms) = postSolution
		{3FC9B2C1-E8BD-4628-9AD2-A0F1B9A12998}.Debug|Any CPU.ActiveCfg = Debug|Any CPU
		{3FC9B2C1-E8BD-4628-9AD2-A0F1B9A12998}.Debug|Any CPU.Build.0 = Debug|Any CPU
		{3FC9B2C1-E8BD-4628-9AD2-A0F1B9A12998}.Debug|x86.ActiveCfg = Debug|Any CPU
		{3FC9B2C1-E8BD-4628-9AD2-A0F1B9A12998}.Debug|x86.Build.0 = Debug|Any CPU
		{3FC9B2C1-E8BD-4628-9AD2-A0F1B9A12998}.Release|Any CPU.ActiveCfg = Release|Any CPU
		{3FC9B2C1-E8BD-4628-9AD2-A0F1B9A12998}.Release|Any CPU.Build.0 = Release|Any CPU
		{3FC9B2C1-E8BD-4628-9AD2-A0F1B9A12998}.Release|x86.ActiveCfg = Release|Any CPU
		{3FC9B2C1-E8BD-4628-9AD2-A0F1B9A12998}.Release|x86.Build.0 = Release|Any CPU
		{64134555-05DF-45C3-97A5-492C44A8CF5D}.Debug|Any CPU.ActiveCfg = Debug|Any CPU
		{64134555-05DF-45C3-97A5-492C44A8CF5D}.Debug|Any CPU.Build.0 = Debug|Any CPU
		{64134555-05DF-45C3-97A5-492C44A8CF5D}.Debug|x86.ActiveCfg = Debug|Any CPU
		{64134555-05DF-45C3-97A5-492C44A8CF5D}.Debug|x86.Build.0 = Debug|Any CPU
		{64134555-05DF-45C3-97A5-492C44A8CF5D}.Release|Any CPU.ActiveCfg = Release|Any CPU
		{64134555-05DF-45C3-97A5-492C44A8CF5D}.Release|Any CPU.Build.0 = Release|Any CPU
		{64134555-05DF-45C3-97A5-492C44A8CF5D}.Release|x86.ActiveCfg = Release|Any CPU
		{64134555-05DF-45C3-97A5-492C44A8CF5D}.Release|x86.Build.0 = Release|Any CPU
		{B8D817F3-F3CB-44F1-90A4-E112CEFADDEA}.Debug|Any CPU.ActiveCfg = Debug|Any CPU
		{B8D817F3-F3CB-44F1-90A4-E112CEFADDEA}.Debug|Any CPU.Build.0 = Debug|Any CPU
		{B8D817F3-F3CB-44F1-90A4-E112CEFADDEA}.Debug|x86.ActiveCfg = Debug|Any CPU
		{B8D817F3-F3CB-44F1-90A4-E112CEFADDEA}.Debug|x86.Build.0 = Debug|Any CPU
		{B8D817F3-F3CB-44F1-90A4-E112CEFADDEA}.Release|Any CPU.ActiveCfg = Release|Any CPU
		{B8D817F3-F3CB-44F1-90A4-E112CEFADDEA}.Release|Any CPU.Build.0 = Release|Any CPU
		{B8D817F3-F3CB-44F1-90A4-E112CEFADDEA}.Release|x86.ActiveCfg = Release|Any CPU
		{B8D817F3-F3CB-44F1-90A4-E112CEFADDEA}.Release|x86.Build.0 = Release|Any CPU
		{34E31AE1-0818-4B99-A1CF-45FD3DB23AD6}.Debug|Any CPU.ActiveCfg = Debug|Any CPU
		{34E31AE1-0818-4B99-A1CF-45FD3DB23AD6}.Debug|Any CPU.Build.0 = Debug|Any CPU
		{34E31AE1-0818-4B99-A1CF-45FD3DB23AD6}.Debug|x86.ActiveCfg = Debug|Any CPU
		{34E31AE1-0818-4B99-A1CF-45FD3DB23AD6}.Debug|x86.Build.0 = Debug|Any CPU
		{34E31AE1-0818-4B99-A1CF-45FD3DB23AD6}.Release|Any CPU.ActiveCfg = Release|Any CPU
		{34E31AE1-0818-4B99-A1CF-45FD3DB23AD6}.Release|Any CPU.Build.0 = Release|Any CPU
		{34E31AE1-0818-4B99-A1CF-45FD3DB23AD6}.Release|x86.ActiveCfg = Release|Any CPU
		{34E31AE1-0818-4B99-A1CF-45FD3DB23AD6}.Release|x86.Build.0 = Release|Any CPU
		{D747FDB3-D1A8-46D1-8F4C-22AE127E8846}.Debug|Any CPU.ActiveCfg = Debug|Any CPU
		{D747FDB3-D1A8-46D1-8F4C-22AE127E8846}.Debug|Any CPU.Build.0 = Debug|Any CPU
		{D747FDB3-D1A8-46D1-8F4C-22AE127E8846}.Debug|x86.ActiveCfg = Debug|Any CPU
		{D747FDB3-D1A8-46D1-8F4C-22AE127E8846}.Debug|x86.Build.0 = Debug|Any CPU
		{D747FDB3-D1A8-46D1-8F4C-22AE127E8846}.Release|Any CPU.ActiveCfg = Release|Any CPU
		{D747FDB3-D1A8-46D1-8F4C-22AE127E8846}.Release|Any CPU.Build.0 = Release|Any CPU
		{D747FDB3-D1A8-46D1-8F4C-22AE127E8846}.Release|x86.ActiveCfg = Release|Any CPU
		{D747FDB3-D1A8-46D1-8F4C-22AE127E8846}.Release|x86.Build.0 = Release|Any CPU
		{487D1A9F-D318-42C8-926F-9FB884FCAA04}.Debug|Any CPU.ActiveCfg = Debug|Any CPU
		{487D1A9F-D318-42C8-926F-9FB884FCAA04}.Debug|Any CPU.Build.0 = Debug|Any CPU
		{487D1A9F-D318-42C8-926F-9FB884FCAA04}.Debug|x86.ActiveCfg = Debug|Any CPU
		{487D1A9F-D318-42C8-926F-9FB884FCAA04}.Debug|x86.Build.0 = Debug|Any CPU
		{487D1A9F-D318-42C8-926F-9FB884FCAA04}.Release|Any CPU.ActiveCfg = Release|Any CPU
		{487D1A9F-D318-42C8-926F-9FB884FCAA04}.Release|Any CPU.Build.0 = Release|Any CPU
		{487D1A9F-D318-42C8-926F-9FB884FCAA04}.Release|x86.ActiveCfg = Release|Any CPU
		{487D1A9F-D318-42C8-926F-9FB884FCAA04}.Release|x86.Build.0 = Release|Any CPU
		{9BD4CBB5-41F2-44F0-93AA-A2C5EA567BEB}.Debug|Any CPU.ActiveCfg = Debug|Any CPU
		{9BD4CBB5-41F2-44F0-93AA-A2C5EA567BEB}.Debug|Any CPU.Build.0 = Debug|Any CPU
		{9BD4CBB5-41F2-44F0-93AA-A2C5EA567BEB}.Debug|x86.ActiveCfg = Debug|Any CPU
		{9BD4CBB5-41F2-44F0-93AA-A2C5EA567BEB}.Debug|x86.Build.0 = Debug|Any CPU
		{9BD4CBB5-41F2-44F0-93AA-A2C5EA567BEB}.Release|Any CPU.ActiveCfg = Release|Any CPU
		{9BD4CBB5-41F2-44F0-93AA-A2C5EA567BEB}.Release|Any CPU.Build.0 = Release|Any CPU
		{9BD4CBB5-41F2-44F0-93AA-A2C5EA567BEB}.Release|x86.ActiveCfg = Release|Any CPU
		{9BD4CBB5-41F2-44F0-93AA-A2C5EA567BEB}.Release|x86.Build.0 = Release|Any CPU
		{A0A9144A-3AF6-494A-B3D5-F59E7A21A62A}.Debug|Any CPU.ActiveCfg = Debug|Any CPU
		{A0A9144A-3AF6-494A-B3D5-F59E7A21A62A}.Debug|Any CPU.Build.0 = Debug|Any CPU
		{A0A9144A-3AF6-494A-B3D5-F59E7A21A62A}.Debug|x86.ActiveCfg = Debug|Any CPU
		{A0A9144A-3AF6-494A-B3D5-F59E7A21A62A}.Debug|x86.Build.0 = Debug|Any CPU
		{A0A9144A-3AF6-494A-B3D5-F59E7A21A62A}.Release|Any CPU.ActiveCfg = Release|Any CPU
		{A0A9144A-3AF6-494A-B3D5-F59E7A21A62A}.Release|Any CPU.Build.0 = Release|Any CPU
		{A0A9144A-3AF6-494A-B3D5-F59E7A21A62A}.Release|x86.ActiveCfg = Release|Any CPU
		{A0A9144A-3AF6-494A-B3D5-F59E7A21A62A}.Release|x86.Build.0 = Release|Any CPU
		{F3A9A41B-DF9F-403F-9CBB-4E09DC684387}.Debug|Any CPU.ActiveCfg = Debug|Any CPU
		{F3A9A41B-DF9F-403F-9CBB-4E09DC684387}.Debug|Any CPU.Build.0 = Debug|Any CPU
		{F3A9A41B-DF9F-403F-9CBB-4E09DC684387}.Debug|x86.ActiveCfg = Debug|Any CPU
		{F3A9A41B-DF9F-403F-9CBB-4E09DC684387}.Debug|x86.Build.0 = Debug|Any CPU
		{F3A9A41B-DF9F-403F-9CBB-4E09DC684387}.Release|Any CPU.ActiveCfg = Release|Any CPU
		{F3A9A41B-DF9F-403F-9CBB-4E09DC684387}.Release|Any CPU.Build.0 = Release|Any CPU
		{F3A9A41B-DF9F-403F-9CBB-4E09DC684387}.Release|x86.ActiveCfg = Release|Any CPU
		{F3A9A41B-DF9F-403F-9CBB-4E09DC684387}.Release|x86.Build.0 = Release|Any CPU
		{D1B23057-13F1-42A8-A42D-0FF5EA93C25F}.Debug|Any CPU.ActiveCfg = Debug|Any CPU
		{D1B23057-13F1-42A8-A42D-0FF5EA93C25F}.Debug|Any CPU.Build.0 = Debug|Any CPU
		{D1B23057-13F1-42A8-A42D-0FF5EA93C25F}.Debug|x86.ActiveCfg = Debug|Any CPU
		{D1B23057-13F1-42A8-A42D-0FF5EA93C25F}.Debug|x86.Build.0 = Debug|Any CPU
		{D1B23057-13F1-42A8-A42D-0FF5EA93C25F}.Release|Any CPU.ActiveCfg = Release|Any CPU
		{D1B23057-13F1-42A8-A42D-0FF5EA93C25F}.Release|Any CPU.Build.0 = Release|Any CPU
		{D1B23057-13F1-42A8-A42D-0FF5EA93C25F}.Release|x86.ActiveCfg = Release|Any CPU
		{D1B23057-13F1-42A8-A42D-0FF5EA93C25F}.Release|x86.Build.0 = Release|Any CPU
		{E2137294-1FED-4422-B620-408DE4CB280E}.Debug|Any CPU.ActiveCfg = Debug|Any CPU
		{E2137294-1FED-4422-B620-408DE4CB280E}.Debug|Any CPU.Build.0 = Debug|Any CPU
		{E2137294-1FED-4422-B620-408DE4CB280E}.Debug|x86.ActiveCfg = Debug|Any CPU
		{E2137294-1FED-4422-B620-408DE4CB280E}.Debug|x86.Build.0 = Debug|Any CPU
		{E2137294-1FED-4422-B620-408DE4CB280E}.Release|Any CPU.ActiveCfg = Release|Any CPU
		{E2137294-1FED-4422-B620-408DE4CB280E}.Release|Any CPU.Build.0 = Release|Any CPU
		{E2137294-1FED-4422-B620-408DE4CB280E}.Release|x86.ActiveCfg = Release|Any CPU
		{E2137294-1FED-4422-B620-408DE4CB280E}.Release|x86.Build.0 = Release|Any CPU
		{7983E286-5B19-437C-82F1-B48BBE27B48F}.Debug|Any CPU.ActiveCfg = Debug|Any CPU
		{7983E286-5B19-437C-82F1-B48BBE27B48F}.Debug|Any CPU.Build.0 = Debug|Any CPU
		{7983E286-5B19-437C-82F1-B48BBE27B48F}.Debug|x86.ActiveCfg = Debug|Any CPU
		{7983E286-5B19-437C-82F1-B48BBE27B48F}.Debug|x86.Build.0 = Debug|Any CPU
		{7983E286-5B19-437C-82F1-B48BBE27B48F}.Release|Any CPU.ActiveCfg = Release|Any CPU
		{7983E286-5B19-437C-82F1-B48BBE27B48F}.Release|Any CPU.Build.0 = Release|Any CPU
		{7983E286-5B19-437C-82F1-B48BBE27B48F}.Release|x86.ActiveCfg = Release|Any CPU
		{7983E286-5B19-437C-82F1-B48BBE27B48F}.Release|x86.Build.0 = Release|Any CPU
		{564B17CC-A255-4A0E-B89B-9E69D75BCAA1}.Debug|Any CPU.ActiveCfg = Debug|Any CPU
		{564B17CC-A255-4A0E-B89B-9E69D75BCAA1}.Debug|Any CPU.Build.0 = Debug|Any CPU
		{564B17CC-A255-4A0E-B89B-9E69D75BCAA1}.Debug|x86.ActiveCfg = Debug|Any CPU
		{564B17CC-A255-4A0E-B89B-9E69D75BCAA1}.Debug|x86.Build.0 = Debug|Any CPU
		{564B17CC-A255-4A0E-B89B-9E69D75BCAA1}.Release|Any CPU.ActiveCfg = Release|Any CPU
		{564B17CC-A255-4A0E-B89B-9E69D75BCAA1}.Release|Any CPU.Build.0 = Release|Any CPU
		{564B17CC-A255-4A0E-B89B-9E69D75BCAA1}.Release|x86.ActiveCfg = Release|Any CPU
		{564B17CC-A255-4A0E-B89B-9E69D75BCAA1}.Release|x86.Build.0 = Release|Any CPU
		{A2FAC3CE-6ECF-4CE9-BEE7-A7F139F472D7}.Debug|Any CPU.ActiveCfg = Debug|Any CPU
		{A2FAC3CE-6ECF-4CE9-BEE7-A7F139F472D7}.Debug|Any CPU.Build.0 = Debug|Any CPU
		{A2FAC3CE-6ECF-4CE9-BEE7-A7F139F472D7}.Debug|x86.ActiveCfg = Debug|Any CPU
		{A2FAC3CE-6ECF-4CE9-BEE7-A7F139F472D7}.Debug|x86.Build.0 = Debug|Any CPU
		{A2FAC3CE-6ECF-4CE9-BEE7-A7F139F472D7}.Release|Any CPU.ActiveCfg = Release|Any CPU
		{A2FAC3CE-6ECF-4CE9-BEE7-A7F139F472D7}.Release|Any CPU.Build.0 = Release|Any CPU
		{A2FAC3CE-6ECF-4CE9-BEE7-A7F139F472D7}.Release|x86.ActiveCfg = Release|Any CPU
		{A2FAC3CE-6ECF-4CE9-BEE7-A7F139F472D7}.Release|x86.Build.0 = Release|Any CPU
		{E806CEEF-2861-46F7-89F7-5F24D82A5428}.Debug|Any CPU.ActiveCfg = Debug|Any CPU
		{E806CEEF-2861-46F7-89F7-5F24D82A5428}.Debug|Any CPU.Build.0 = Debug|Any CPU
		{E806CEEF-2861-46F7-89F7-5F24D82A5428}.Debug|x86.ActiveCfg = Debug|Any CPU
		{E806CEEF-2861-46F7-89F7-5F24D82A5428}.Debug|x86.Build.0 = Debug|Any CPU
		{E806CEEF-2861-46F7-89F7-5F24D82A5428}.Release|Any CPU.ActiveCfg = Release|Any CPU
		{E806CEEF-2861-46F7-89F7-5F24D82A5428}.Release|Any CPU.Build.0 = Release|Any CPU
		{E806CEEF-2861-46F7-89F7-5F24D82A5428}.Release|x86.ActiveCfg = Release|Any CPU
		{E806CEEF-2861-46F7-89F7-5F24D82A5428}.Release|x86.Build.0 = Release|Any CPU
		{35A2503E-A86C-4AB7-9BD9-A30A7DEE23D6}.Debug|Any CPU.ActiveCfg = Debug|Any CPU
		{35A2503E-A86C-4AB7-9BD9-A30A7DEE23D6}.Debug|Any CPU.Build.0 = Debug|Any CPU
		{35A2503E-A86C-4AB7-9BD9-A30A7DEE23D6}.Debug|x86.ActiveCfg = Debug|Any CPU
		{35A2503E-A86C-4AB7-9BD9-A30A7DEE23D6}.Debug|x86.Build.0 = Debug|Any CPU
		{35A2503E-A86C-4AB7-9BD9-A30A7DEE23D6}.Release|Any CPU.ActiveCfg = Release|Any CPU
		{35A2503E-A86C-4AB7-9BD9-A30A7DEE23D6}.Release|Any CPU.Build.0 = Release|Any CPU
		{35A2503E-A86C-4AB7-9BD9-A30A7DEE23D6}.Release|x86.ActiveCfg = Release|Any CPU
		{35A2503E-A86C-4AB7-9BD9-A30A7DEE23D6}.Release|x86.Build.0 = Release|Any CPU
		{5FD1BC39-6A18-4FC9-8169-40CAC8B6A60C}.Debug|Any CPU.ActiveCfg = Debug|Any CPU
		{5FD1BC39-6A18-4FC9-8169-40CAC8B6A60C}.Debug|Any CPU.Build.0 = Debug|Any CPU
		{5FD1BC39-6A18-4FC9-8169-40CAC8B6A60C}.Debug|x86.ActiveCfg = Debug|Any CPU
		{5FD1BC39-6A18-4FC9-8169-40CAC8B6A60C}.Debug|x86.Build.0 = Debug|Any CPU
		{5FD1BC39-6A18-4FC9-8169-40CAC8B6A60C}.Release|Any CPU.ActiveCfg = Release|Any CPU
		{5FD1BC39-6A18-4FC9-8169-40CAC8B6A60C}.Release|Any CPU.Build.0 = Release|Any CPU
		{5FD1BC39-6A18-4FC9-8169-40CAC8B6A60C}.Release|x86.ActiveCfg = Release|Any CPU
		{5FD1BC39-6A18-4FC9-8169-40CAC8B6A60C}.Release|x86.Build.0 = Release|Any CPU
		{A94C40CA-8795-4E45-90FC-E401D3BBB6DB}.Debug|Any CPU.ActiveCfg = Debug|Any CPU
		{A94C40CA-8795-4E45-90FC-E401D3BBB6DB}.Debug|Any CPU.Build.0 = Debug|Any CPU
		{A94C40CA-8795-4E45-90FC-E401D3BBB6DB}.Debug|x86.ActiveCfg = Debug|Any CPU
		{A94C40CA-8795-4E45-90FC-E401D3BBB6DB}.Debug|x86.Build.0 = Debug|Any CPU
		{A94C40CA-8795-4E45-90FC-E401D3BBB6DB}.Release|Any CPU.ActiveCfg = Release|Any CPU
		{A94C40CA-8795-4E45-90FC-E401D3BBB6DB}.Release|Any CPU.Build.0 = Release|Any CPU
		{A94C40CA-8795-4E45-90FC-E401D3BBB6DB}.Release|x86.ActiveCfg = Release|Any CPU
		{A94C40CA-8795-4E45-90FC-E401D3BBB6DB}.Release|x86.Build.0 = Release|Any CPU
		{8D0A2177-FEA3-4FD0-9361-ED483CA7DA7E}.Debug|Any CPU.ActiveCfg = Debug|Any CPU
		{8D0A2177-FEA3-4FD0-9361-ED483CA7DA7E}.Debug|Any CPU.Build.0 = Debug|Any CPU
		{8D0A2177-FEA3-4FD0-9361-ED483CA7DA7E}.Debug|x86.ActiveCfg = Debug|Any CPU
		{8D0A2177-FEA3-4FD0-9361-ED483CA7DA7E}.Debug|x86.Build.0 = Debug|Any CPU
		{8D0A2177-FEA3-4FD0-9361-ED483CA7DA7E}.Release|Any CPU.ActiveCfg = Release|Any CPU
		{8D0A2177-FEA3-4FD0-9361-ED483CA7DA7E}.Release|Any CPU.Build.0 = Release|Any CPU
		{8D0A2177-FEA3-4FD0-9361-ED483CA7DA7E}.Release|x86.ActiveCfg = Release|Any CPU
		{8D0A2177-FEA3-4FD0-9361-ED483CA7DA7E}.Release|x86.Build.0 = Release|Any CPU
		{3272D234-201D-4F41-9FAD-27CF96633FFC}.Debug|Any CPU.ActiveCfg = Debug|Any CPU
		{3272D234-201D-4F41-9FAD-27CF96633FFC}.Debug|Any CPU.Build.0 = Debug|Any CPU
		{3272D234-201D-4F41-9FAD-27CF96633FFC}.Debug|x86.ActiveCfg = Debug|Any CPU
		{3272D234-201D-4F41-9FAD-27CF96633FFC}.Debug|x86.Build.0 = Debug|Any CPU
		{3272D234-201D-4F41-9FAD-27CF96633FFC}.Release|Any CPU.ActiveCfg = Debug|Any CPU
		{3272D234-201D-4F41-9FAD-27CF96633FFC}.Release|Any CPU.Build.0 = Debug|Any CPU
		{3272D234-201D-4F41-9FAD-27CF96633FFC}.Release|x86.ActiveCfg = Debug|Any CPU
		{3272D234-201D-4F41-9FAD-27CF96633FFC}.Release|x86.Build.0 = Debug|Any CPU
		{CCE8D868-0E54-40B4-98B9-930F3EDDB317}.Debug|Any CPU.ActiveCfg = Debug|x86
		{CCE8D868-0E54-40B4-98B9-930F3EDDB317}.Debug|x86.ActiveCfg = Debug|x86
		{CCE8D868-0E54-40B4-98B9-930F3EDDB317}.Debug|x86.Build.0 = Debug|x86
		{CCE8D868-0E54-40B4-98B9-930F3EDDB317}.Release|Any CPU.ActiveCfg = Release|x86
		{CCE8D868-0E54-40B4-98B9-930F3EDDB317}.Release|x86.ActiveCfg = Release|x86
		{CCE8D868-0E54-40B4-98B9-930F3EDDB317}.Release|x86.Build.0 = Release|x86
	EndGlobalSection
	GlobalSection(SolutionProperties) = preSolution
		HideSolutionNode = FALSE
	EndGlobalSection
	GlobalSection(NestedProjects) = preSolution
		{3FC9B2C1-E8BD-4628-9AD2-A0F1B9A12998} = {EDD6D131-C906-4266-9580-376F97293489}
		{64134555-05DF-45C3-97A5-492C44A8CF5D} = {EDD6D131-C906-4266-9580-376F97293489}
		{B8D817F3-F3CB-44F1-90A4-E112CEFADDEA} = {4FB066C1-B595-4DCC-B59D-C13AE5128CD2}
		{34E31AE1-0818-4B99-A1CF-45FD3DB23AD6} = {4FB066C1-B595-4DCC-B59D-C13AE5128CD2}
		{D747FDB3-D1A8-46D1-8F4C-22AE127E8846} = {AEE92CE9-1601-4531-A65B-07F4DD9E86D2}
		{487D1A9F-D318-42C8-926F-9FB884FCAA04} = {AEE92CE9-1601-4531-A65B-07F4DD9E86D2}
		{9BD4CBB5-41F2-44F0-93AA-A2C5EA567BEB} = {4FB066C1-B595-4DCC-B59D-C13AE5128CD2}
		{A0A9144A-3AF6-494A-B3D5-F59E7A21A62A} = {C6750C9B-A2EE-4ED2-B37D-F5267D68D94E}
		{F3A9A41B-DF9F-403F-9CBB-4E09DC684387} = {EDD6D131-C906-4266-9580-376F97293489}
		{D1B23057-13F1-42A8-A42D-0FF5EA93C25F} = {AEE92CE9-1601-4531-A65B-07F4DD9E86D2}
		{E2137294-1FED-4422-B620-408DE4CB280E} = {EDD6D131-C906-4266-9580-376F97293489}
		{7983E286-5B19-437C-82F1-B48BBE27B48F} = {EDD6D131-C906-4266-9580-376F97293489}
		{564B17CC-A255-4A0E-B89B-9E69D75BCAA1} = {C6750C9B-A2EE-4ED2-B37D-F5267D68D94E}
		{A2FAC3CE-6ECF-4CE9-BEE7-A7F139F472D7} = {EDD6D131-C906-4266-9580-376F97293489}
		{E806CEEF-2861-46F7-89F7-5F24D82A5428} = {8D5C35D7-B8A1-4D7B-BD9D-AB878F88F804}
		{35A2503E-A86C-4AB7-9BD9-A30A7DEE23D6} = {8D5C35D7-B8A1-4D7B-BD9D-AB878F88F804}
		{5FD1BC39-6A18-4FC9-8169-40CAC8B6A60C} = {8D5C35D7-B8A1-4D7B-BD9D-AB878F88F804}
		{A94C40CA-8795-4E45-90FC-E401D3BBB6DB} = {8D5C35D7-B8A1-4D7B-BD9D-AB878F88F804}
		{8D0A2177-FEA3-4FD0-9361-ED483CA7DA7E} = {C6750C9B-A2EE-4ED2-B37D-F5267D68D94E}
		{3272D234-201D-4F41-9FAD-27CF96633FFC} = {224D8A3A-601A-44CE-828A-1F141DD527D4}
		{CCE8D868-0E54-40B4-98B9-930F3EDDB317} = {224D8A3A-601A-44CE-828A-1F141DD527D4}
	EndGlobalSection
EndGlobal
